// !$*UTF8*$!
{
	archiveVersion = 1;
	classes = {
	};
	objectVersion = 46;
	objects = {

/* Begin PBXBuildFile section */
		A65F26171A7DEF310041D78D /* AppDelegate.swift in Sources */ = {isa = PBXBuildFile; fileRef = A65F26161A7DEF310041D78D /* AppDelegate.swift */; };
		A65F261A1A7DEF310041D78D /* GestureSample___Basic.xcdatamodeld in Sources */ = {isa = PBXBuildFile; fileRef = A65F26181A7DEF310041D78D /* GestureSample___Basic.xcdatamodeld */; };
		A65F261C1A7DEF310041D78D /* ViewController.swift in Sources */ = {isa = PBXBuildFile; fileRef = A65F261B1A7DEF310041D78D /* ViewController.swift */; };
		A65F261F1A7DEF310041D78D /* Main.storyboard in Resources */ = {isa = PBXBuildFile; fileRef = A65F261D1A7DEF310041D78D /* Main.storyboard */; };
		A65F26211A7DEF310041D78D /* Images.xcassets in Resources */ = {isa = PBXBuildFile; fileRef = A65F26201A7DEF310041D78D /* Images.xcassets */; };
		A65F26241A7DEF310041D78D /* LaunchScreen.xib in Resources */ = {isa = PBXBuildFile; fileRef = A65F26221A7DEF310041D78D /* LaunchScreen.xib */; };
		A65F26301A7DEF310041D78D /* GestureSample___BasicTests.swift in Sources */ = {isa = PBXBuildFile; fileRef = A65F262F1A7DEF310041D78D /* GestureSample___BasicTests.swift */; };
/* End PBXBuildFile section */

/* Begin PBXContainerItemProxy section */
		A65F262A1A7DEF310041D78D /* PBXContainerItemProxy */ = {
			isa = PBXContainerItemProxy;
			containerPortal = A65F26091A7DEF310041D78D /* Project object */;
			proxyType = 1;
			remoteGlobalIDString = A65F26101A7DEF310041D78D;
			remoteInfo = "GestureSample - Basic";
		};
/* End PBXContainerItemProxy section */

/* Begin PBXFileReference section */
		A65F26111A7DEF310041D78D /* GestureSample - Basic.app */ = {isa = PBXFileReference; explicitFileType = wrapper.application; includeInIndex = 0; path = "GestureSample - Basic.app"; sourceTree = BUILT_PRODUCTS_DIR; };
		A65F26151A7DEF310041D78D /* Info.plist */ = {isa = PBXFileReference; lastKnownFileType = text.plist.xml; path = Info.plist; sourceTree = "<group>"; };
		A65F26161A7DEF310041D78D /* AppDelegate.swift */ = {isa = PBXFileReference; lastKnownFileType = sourcecode.swift; path = AppDelegate.swift; sourceTree = "<group>"; };
		A65F26191A7DEF310041D78D /* GestureSample___Basic.xcdatamodel */ = {isa = PBXFileReference; lastKnownFileType = wrapper.xcdatamodel; path = "GestureSample___Basic.xcdatamodel"; sourceTree = "<group>"; };
		A65F261B1A7DEF310041D78D /* ViewController.swift */ = {isa = PBXFileReference; lastKnownFileType = sourcecode.swift; path = ViewController.swift; sourceTree = "<group>"; };
		A65F261E1A7DEF310041D78D /* Base */ = {isa = PBXFileReference; lastKnownFileType = file.storyboard; name = Base; path = Base.lproj/Main.storyboard; sourceTree = "<group>"; };
		A65F26201A7DEF310041D78D /* Images.xcassets */ = {isa = PBXFileReference; lastKnownFileType = folder.assetcatalog; path = Images.xcassets; sourceTree = "<group>"; };
		A65F26231A7DEF310041D78D /* Base */ = {isa = PBXFileReference; lastKnownFileType = file.xib; name = Base; path = Base.lproj/LaunchScreen.xib; sourceTree = "<group>"; };
		A65F26291A7DEF310041D78D /* GestureSample - BasicTests.xctest */ = {isa = PBXFileReference; explicitFileType = wrapper.cfbundle; includeInIndex = 0; path = "GestureSample - BasicTests.xctest"; sourceTree = BUILT_PRODUCTS_DIR; };
		A65F262E1A7DEF310041D78D /* Info.plist */ = {isa = PBXFileReference; lastKnownFileType = text.plist.xml; path = Info.plist; sourceTree = "<group>"; };
		A65F262F1A7DEF310041D78D /* GestureSample___BasicTests.swift */ = {isa = PBXFileReference; lastKnownFileType = sourcecode.swift; path = "GestureSample___BasicTests.swift"; sourceTree = "<group>"; };
/* End PBXFileReference section */

/* Begin PBXFrameworksBuildPhase section */
		A65F260E1A7DEF310041D78D /* Frameworks */ = {
			isa = PBXFrameworksBuildPhase;
			buildActionMask = 2147483647;
			files = (
			);
			runOnlyForDeploymentPostprocessing = 0;
		};
		A65F26261A7DEF310041D78D /* Frameworks */ = {
			isa = PBXFrameworksBuildPhase;
			buildActionMask = 2147483647;
			files = (
			);
			runOnlyForDeploymentPostprocessing = 0;
		};
/* End PBXFrameworksBuildPhase section */

/* Begin PBXGroup section */
		A65F26081A7DEF310041D78D = {
			isa = PBXGroup;
			children = (
				A65F26131A7DEF310041D78D /* GestureSample - Basic */,
				A65F262C1A7DEF310041D78D /* GestureSample - BasicTests */,
				A65F26121A7DEF310041D78D /* Products */,
			);
			sourceTree = "<group>";
		};
		A65F26121A7DEF310041D78D /* Products */ = {
			isa = PBXGroup;
			children = (
				A65F26111A7DEF310041D78D /* GestureSample - Basic.app */,
				A65F26291A7DEF310041D78D /* GestureSample - BasicTests.xctest */,
			);
			name = Products;
			sourceTree = "<group>";
		};
		A65F26131A7DEF310041D78D /* GestureSample - Basic */ = {
			isa = PBXGroup;
			children = (
				A65F26161A7DEF310041D78D /* AppDelegate.swift */,
				A65F261B1A7DEF310041D78D /* ViewController.swift */,
				A65F261D1A7DEF310041D78D /* Main.storyboard */,
				A65F26201A7DEF310041D78D /* Images.xcassets */,
				A65F26221A7DEF310041D78D /* LaunchScreen.xib */,
				A65F26181A7DEF310041D78D /* GestureSample___Basic.xcdatamodeld */,
				A65F26141A7DEF310041D78D /* Supporting Files */,
			);
			path = "GestureSample - Basic";
			sourceTree = "<group>";
		};
		A65F26141A7DEF310041D78D /* Supporting Files */ = {
			isa = PBXGroup;
			children = (
				A65F26151A7DEF310041D78D /* Info.plist */,
			);
			name = "Supporting Files";
			sourceTree = "<group>";
		};
		A65F262C1A7DEF310041D78D /* GestureSample - BasicTests */ = {
			isa = PBXGroup;
			children = (
				A65F262F1A7DEF310041D78D /* GestureSample___BasicTests.swift */,
				A65F262D1A7DEF310041D78D /* Supporting Files */,
			);
			path = "GestureSample - BasicTests";
			sourceTree = "<group>";
		};
		A65F262D1A7DEF310041D78D /* Supporting Files */ = {
			isa = PBXGroup;
			children = (
				A65F262E1A7DEF310041D78D /* Info.plist */,
			);
			name = "Supporting Files";
			sourceTree = "<group>";
		};
/* End PBXGroup section */

/* Begin PBXNativeTarget section */
		A65F26101A7DEF310041D78D /* GestureSample - Basic */ = {
			isa = PBXNativeTarget;
			buildConfigurationList = A65F26331A7DEF310041D78D /* Build configuration list for PBXNativeTarget "GestureSample - Basic" */;
			buildPhases = (
				A65F260D1A7DEF310041D78D /* Sources */,
				A65F260E1A7DEF310041D78D /* Frameworks */,
				A65F260F1A7DEF310041D78D /* Resources */,
			);
			buildRules = (
			);
			dependencies = (
			);
			name = "GestureSample - Basic";
			productName = "GestureSample - Basic";
			productReference = A65F26111A7DEF310041D78D /* GestureSample - Basic.app */;
			productType = "com.apple.product-type.application";
		};
		A65F26281A7DEF310041D78D /* GestureSample - BasicTests */ = {
			isa = PBXNativeTarget;
			buildConfigurationList = A65F26361A7DEF310041D78D /* Build configuration list for PBXNativeTarget "GestureSample - BasicTests" */;
			buildPhases = (
				A65F26251A7DEF310041D78D /* Sources */,
				A65F26261A7DEF310041D78D /* Frameworks */,
				A65F26271A7DEF310041D78D /* Resources */,
			);
			buildRules = (
			);
			dependencies = (
				A65F262B1A7DEF310041D78D /* PBXTargetDependency */,
			);
			name = "GestureSample - BasicTests";
			productName = "GestureSample - BasicTests";
			productReference = A65F26291A7DEF310041D78D /* GestureSample - BasicTests.xctest */;
			productType = "com.apple.product-type.bundle.unit-test";
		};
/* End PBXNativeTarget section */

/* Begin PBXProject section */
		A65F26091A7DEF310041D78D /* Project object */ = {
			isa = PBXProject;
			attributes = {
				LastUpgradeCheck = 0610;
				ORGANIZATIONNAME = "hiro nagami";
				TargetAttributes = {
					A65F26101A7DEF310041D78D = {
						CreatedOnToolsVersion = 6.1.1;
					};
					A65F26281A7DEF310041D78D = {
						CreatedOnToolsVersion = 6.1.1;
						TestTargetID = A65F26101A7DEF310041D78D;
					};
				};
			};
			buildConfigurationList = A65F260C1A7DEF310041D78D /* Build configuration list for PBXProject "GestureSample - Basic" */;
			compatibilityVersion = "Xcode 3.2";
			developmentRegion = English;
			hasScannedForEncodings = 0;
			knownRegions = (
				en,
				Base,
			);
			mainGroup = A65F26081A7DEF310041D78D;
			productRefGroup = A65F26121A7DEF310041D78D /* Products */;
			projectDirPath = "";
			projectRoot = "";
			targets = (
				A65F26101A7DEF310041D78D /* GestureSample - Basic */,
				A65F26281A7DEF310041D78D /* GestureSample - BasicTests */,
			);
		};
/* End PBXProject section */

/* Begin PBXResourcesBuildPhase section */
		A65F260F1A7DEF310041D78D /* Resources */ = {
			isa = PBXResourcesBuildPhase;
			buildActionMask = 2147483647;
			files = (
				A65F261F1A7DEF310041D78D /* Main.storyboard in Resources */,
				A65F26241A7DEF310041D78D /* LaunchScreen.xib in Resources */,
				A65F26211A7DEF310041D78D /* Images.xcassets in Resources */,
			);
			runOnlyForDeploymentPostprocessing = 0;
		};
		A65F26271A7DEF310041D78D /* Resources */ = {
			isa = PBXResourcesBuildPhase;
			buildActionMask = 2147483647;
			files = (
			);
			runOnlyForDeploymentPostprocessing = 0;
		};
/* End PBXResourcesBuildPhase section */

/* Begin PBXSourcesBuildPhase section */
		A65F260D1A7DEF310041D78D /* Sources */ = {
			isa = PBXSourcesBuildPhase;
			buildActionMask = 2147483647;
			files = (
				A65F261C1A7DEF310041D78D /* ViewController.swift in Sources */,
				A65F261A1A7DEF310041D78D /* GestureSample___Basic.xcdatamodeld in Sources */,
				A65F26171A7DEF310041D78D /* AppDelegate.swift in Sources */,
			);
			runOnlyForDeploymentPostprocessing = 0;
		};
		A65F26251A7DEF310041D78D /* Sources */ = {
			isa = PBXSourcesBuildPhase;
			buildActionMask = 2147483647;
			files = (
				A65F26301A7DEF310041D78D /* GestureSample___BasicTests.swift in Sources */,
			);
			runOnlyForDeploymentPostprocessing = 0;
		};
/* End PBXSourcesBuildPhase section */

/* Begin PBXTargetDependency section */
		A65F262B1A7DEF310041D78D /* PBXTargetDependency */ = {
			isa = PBXTargetDependency;
			target = A65F26101A7DEF310041D78D /* GestureSample - Basic */;
			targetProxy = A65F262A1A7DEF310041D78D /* PBXContainerItemProxy */;
		};
/* End PBXTargetDependency section */

/* Begin PBXVariantGroup section */
		A65F261D1A7DEF310041D78D /* Main.storyboard */ = {
			isa = PBXVariantGroup;
			children = (
				A65F261E1A7DEF310041D78D /* Base */,
			);
			name = Main.storyboard;
			sourceTree = "<group>";
		};
		A65F26221A7DEF310041D78D /* LaunchScreen.xib */ = {
			isa = PBXVariantGroup;
			children = (
				A65F26231A7DEF310041D78D /* Base */,
			);
			name = LaunchScreen.xib;
			sourceTree = "<group>";
		};
/* End PBXVariantGroup section */

/* Begin XCBuildConfiguration section */
		A65F26311A7DEF310041D78D /* Debug */ = {
			isa = XCBuildConfiguration;
			buildSettings = {
				ALWAYS_SEARCH_USER_PATHS = NO;
				CLANG_CXX_LANGUAGE_STANDARD = "gnu++0x";
				CLANG_CXX_LIBRARY = "libc++";
				CLANG_ENABLE_MODULES = YES;
				CLANG_ENABLE_OBJC_ARC = YES;
				CLANG_WARN_BOOL_CONVERSION = YES;
				CLANG_WARN_CONSTANT_CONVERSION = YES;
				CLANG_WARN_DIRECT_OBJC_ISA_USAGE = YES_ERROR;
				CLANG_WARN_EMPTY_BODY = YES;
				CLANG_WARN_ENUM_CONVERSION = YES;
				CLANG_WARN_INT_CONVERSION = YES;
				CLANG_WARN_OBJC_ROOT_CLASS = YES_ERROR;
				CLANG_WARN_UNREACHABLE_CODE = YES;
				CLANG_WARN__DUPLICATE_METHOD_MATCH = YES;
				"CODE_SIGN_IDENTITY[sdk=iphoneos*]" = "iPhone Developer";
				COPY_PHASE_STRIP = NO;
				ENABLE_STRICT_OBJC_MSGSEND = YES;
				GCC_C_LANGUAGE_STANDARD = gnu99;
				GCC_DYNAMIC_NO_PIC = NO;
				GCC_OPTIMIZATION_LEVEL = 0;
				GCC_PREPROCESSOR_DEFINITIONS = (
					"DEBUG=1",
					"$(inherited)",
				);
				GCC_SYMBOLS_PRIVATE_EXTERN = NO;
				GCC_WARN_64_TO_32_BIT_CONVERSION = YES;
				GCC_WARN_ABOUT_RETURN_TYPE = YES_ERROR;
				GCC_WARN_UNDECLARED_SELECTOR = YES;
				GCC_WARN_UNINITIALIZED_AUTOS = YES_AGGRESSIVE;
				GCC_WARN_UNUSED_FUNCTION = YES;
				GCC_WARN_UNUSED_VARIABLE = YES;
				IPHONEOS_DEPLOYMENT_TARGET = 8.1;
				MTL_ENABLE_DEBUG_INFO = YES;
				ONLY_ACTIVE_ARCH = YES;
				SDKROOT = iphoneos;
				SWIFT_OPTIMIZATION_LEVEL = "-Onone";
			};
			name = Debug;
		};
		A65F26321A7DEF310041D78D /* Release */ = {
			isa = XCBuildConfiguration;
			buildSettings = {
				ALWAYS_SEARCH_USER_PATHS = NO;
				CLANG_CXX_LANGUAGE_STANDARD = "gnu++0x";
				CLANG_CXX_LIBRARY = "libc++";
				CLANG_ENABLE_MODULES = YES;
				CLANG_ENABLE_OBJC_ARC = YES;
				CLANG_WARN_BOOL_CONVERSION = YES;
				CLANG_WARN_CONSTANT_CONVERSION = YES;
				CLANG_WARN_DIRECT_OBJC_ISA_USAGE = YES_ERROR;
				CLANG_WARN_EMPTY_BODY = YES;
				CLANG_WARN_ENUM_CONVERSION = YES;
				CLANG_WARN_INT_CONVERSION = YES;
				CLANG_WARN_OBJC_ROOT_CLASS = YES_ERROR;
				CLANG_WARN_UNREACHABLE_CODE = YES;
				CLANG_WARN__DUPLICATE_METHOD_MATCH = YES;
				"CODE_SIGN_IDENTITY[sdk=iphoneos*]" = "iPhone Developer";
				COPY_PHASE_STRIP = YES;
				ENABLE_NS_ASSERTIONS = NO;
				ENABLE_STRICT_OBJC_MSGSEND = YES;
				GCC_C_LANGUAGE_STANDARD = gnu99;
				GCC_WARN_64_TO_32_BIT_CONVERSION = YES;
				GCC_WARN_ABOUT_RETURN_TYPE = YES_ERROR;
				GCC_WARN_UNDECLARED_SELECTOR = YES;
				GCC_WARN_UNINITIALIZED_AUTOS = YES_AGGRESSIVE;
				GCC_WARN_UNUSED_FUNCTION = YES;
				GCC_WARN_UNUSED_VARIABLE = YES;
				IPHONEOS_DEPLOYMENT_TARGET = 8.1;
				MTL_ENABLE_DEBUG_INFO = NO;
				SDKROOT = iphoneos;
				VALIDATE_PRODUCT = YES;
			};
			name = Release;
		};
		A65F26341A7DEF310041D78D /* Debug */ = {
			isa = XCBuildConfiguration;
			buildSettings = {
				ASSETCATALOG_COMPILER_APPICON_NAME = AppIcon;
				INFOPLIST_FILE = "GestureSample - Basic/Info.plist";
				LD_RUNPATH_SEARCH_PATHS = "$(inherited) @executable_path/Frameworks";
				PRODUCT_NAME = "$(TARGET_NAME)";
			};
			name = Debug;
		};
		A65F26351A7DEF310041D78D /* Release */ = {
			isa = XCBuildConfiguration;
			buildSettings = {
				ASSETCATALOG_COMPILER_APPICON_NAME = AppIcon;
				INFOPLIST_FILE = "GestureSample - Basic/Info.plist";
				LD_RUNPATH_SEARCH_PATHS = "$(inherited) @executable_path/Frameworks";
				PRODUCT_NAME = "$(TARGET_NAME)";
			};
			name = Release;
		};
		A65F26371A7DEF310041D78D /* Debug */ = {
			isa = XCBuildConfiguration;
			buildSettings = {
				BUNDLE_LOADER = "$(TEST_HOST)";
				FRAMEWORK_SEARCH_PATHS = (
					"$(SDKROOT)/Developer/Library/Frameworks",
					"$(inherited)",
				);
				GCC_PREPROCESSOR_DEFINITIONS = (
					"DEBUG=1",
					"$(inherited)",
				);
				INFOPLIST_FILE = "GestureSample - BasicTests/Info.plist";
				LD_RUNPATH_SEARCH_PATHS = "$(inherited) @executable_path/Frameworks @loader_path/Frameworks";
				PRODUCT_NAME = "$(TARGET_NAME)";
				TEST_HOST = "$(BUILT_PRODUCTS_DIR)/GestureSample - Basic.app/GestureSample - Basic";
			};
			name = Debug;
		};
		A65F26381A7DEF310041D78D /* Release */ = {
			isa = XCBuildConfiguration;
			buildSettings = {
				BUNDLE_LOADER = "$(TEST_HOST)";
				FRAMEWORK_SEARCH_PATHS = (
					"$(SDKROOT)/Developer/Library/Frameworks",
					"$(inherited)",
				);
				INFOPLIST_FILE = "GestureSample - BasicTests/Info.plist";
				LD_RUNPATH_SEARCH_PATHS = "$(inherited) @executable_path/Frameworks @loader_path/Frameworks";
				PRODUCT_NAME = "$(TARGET_NAME)";
				TEST_HOST = "$(BUILT_PRODUCTS_DIR)/GestureSample - Basic.app/GestureSample - Basic";
			};
			name = Release;
		};
/* End XCBuildConfiguration section */

/* Begin XCConfigurationList section */
		A65F260C1A7DEF310041D78D /* Build configuration list for PBXProject "GestureSample - Basic" */ = {
			isa = XCConfigurationList;
			buildConfigurations = (
				A65F26311A7DEF310041D78D /* Debug */,
				A65F26321A7DEF310041D78D /* Release */,
			);
			defaultConfigurationIsVisible = 0;
			defaultConfigurationName = Release;
		};
		A65F26331A7DEF310041D78D /* Build configuration list for PBXNativeTarget "GestureSample - Basic" */ = {
			isa = XCConfigurationList;
			buildConfigurations = (
				A65F26341A7DEF310041D78D /* Debug */,
				A65F26351A7DEF310041D78D /* Release */,
			);
			defaultConfigurationIsVisible = 0;
		};
		A65F26361A7DEF310041D78D /* Build configuration list for PBXNativeTarget "GestureSample - BasicTests" */ = {
			isa = XCConfigurationList;
			buildConfigurations = (
				A65F26371A7DEF310041D78D /* Debug */,
				A65F26381A7DEF310041D78D /* Release */,
			);
			defaultConfigurationIsVisible = 0;
		};
/* End XCConfigurationList section */

/* Begin XCVersionGroup section */
		A65F26181A7DEF310041D78D /* GestureSample___Basic.xcdatamodeld */ = {
			isa = XCVersionGroup;
			children = (
				A65F26191A7DEF310041D78D /* GestureSample___Basic.xcdatamodel */,
			);
			currentVersion = A65F26191A7DEF310041D78D /* GestureSample___Basic.xcdatamodel */;
			path = "GestureSample___Basic.xcdatamodeld";
			sourceTree = "<group>";
			versionGroupType = wrapper.xcdatamodel;
		};
/* End XCVersionGroup section */
	};
	rootObject = A65F26091A7DEF310041D78D /* Project object */;
}
